
Microsoft Visual Studio Solution File, Format Version 12.00
# Visual Studio 15
VisualStudioVersion = 15.0.27130.2003
MinimumVisualStudioVersion = 10.0.40219.1
Project("{9092AA53-FB77-4645-B42D-1CCCA6BD08BD}") = "ExpressApp5", "ExpressApp5\ExpressApp5.njsproj", "{D9546442-A88D-441D-B796-9EE5F3987A18}"
EndProject
Global
	GlobalSection(SolutionConfigurationPlatforms) = preSolution
		Debug|Any CPU = Debug|Any CPU
		Release|Any CPU = Release|Any CPU
	EndGlobalSection
	GlobalSection(ProjectConfigurationPlatforms) = postSolution
		{D9546442-A88D-441D-B796-9EE5F3987A18}.Debug|Any CPU.ActiveCfg = Debug|Any CPU
		{D9546442-A88D-441D-B796-9EE5F3987A18}.Debug|Any CPU.Build.0 = Debug|Any CPU
		{D9546442-A88D-441D-B796-9EE5F3987A18}.Release|Any CPU.ActiveCfg = Release|Any CPU
		{D9546442-A88D-441D-B796-9EE5F3987A18}.Release|Any CPU.Build.0 = Release|Any CPU
	EndGlobalSection
	GlobalSection(SolutionProperties) = preSolution
		HideSolutionNode = FALSE
	EndGlobalSection
	GlobalSection(ExtensibilityGlobals) = postSolution
		SolutionGuid = {286879BD-81E9-44B9-B84F-A5E8FA015090}
	EndGlobalSection
EndGlobal
